// !$*UTF8*$!
{
	archiveVersion = 1;
	classes = {
	};
	objectVersion = 46;
	objects = {

/* Begin PBXBuildFile section */
		50BBA74A1BF9D1A900FEF6E0 /* main.m in Sources */ = {isa = PBXBuildFile; fileRef = 50BBA7491BF9D1A900FEF6E0 /* main.m */; };
		50BBA74D1BF9D1A900FEF6E0 /* AppDelegate.m in Sources */ = {isa = PBXBuildFile; fileRef = 50BBA74C1BF9D1A900FEF6E0 /* AppDelegate.m */; };
		50BBA7501BF9D1A900FEF6E0 /* ViewController.m in Sources */ = {isa = PBXBuildFile; fileRef = 50BBA74F1BF9D1A900FEF6E0 /* ViewController.m */; };
		50BBA7531BF9D1A900FEF6E0 /* Main.storyboard in Resources */ = {isa = PBXBuildFile; fileRef = 50BBA7511BF9D1A900FEF6E0 /* Main.storyboard */; };
		50BBA7551BF9D1A900FEF6E0 /* Images.xcassets in Resources */ = {isa = PBXBuildFile; fileRef = 50BBA7541BF9D1A900FEF6E0 /* Images.xcassets */; };
		50BBA7581BF9D1A900FEF6E0 /* LaunchScreen.xib in Resources */ = {isa = PBXBuildFile; fileRef = 50BBA7561BF9D1A900FEF6E0 /* LaunchScreen.xib */; };
		50BBA7641BF9D1A900FEF6E0 /* testTests.m in Sources */ = {isa = PBXBuildFile; fileRef = 50BBA7631BF9D1A900FEF6E0 /* testTests.m */; };
/* End PBXBuildFile section */

/* Begin PBXContainerItemProxy section */
		50BBA75E1BF9D1A900FEF6E0 /* PBXContainerItemProxy */ = {
			isa = PBXContainerItemProxy;
			containerPortal = 50BBA73C1BF9D1A900FEF6E0 /* Project object */;
			proxyType = 1;
			remoteGlobalIDString = 50BBA7431BF9D1A900FEF6E0;
			remoteInfo = test;
		};
/* End PBXContainerItemProxy section */

/* Begin PBXFileReference section */
		50BBA7441BF9D1A900FEF6E0 /* test.app */ = {isa = PBXFileReference; explicitFileType = wrapper.application; includeInIndex = 0; path = test.app; sourceTree = BUILT_PRODUCTS_DIR; };
		50BBA7481BF9D1A900FEF6E0 /* Info.plist */ = {isa = PBXFileReference; lastKnownFileType = text.plist.xml; path = Info.plist; sourceTree = "<group>"; };
		50BBA7491BF9D1A900FEF6E0 /* main.m */ = {isa = PBXFileReference; lastKnownFileType = sourcecode.c.objc; path = main.m; sourceTree = "<group>"; };
		50BBA74B1BF9D1A900FEF6E0 /* AppDelegate.h */ = {isa = PBXFileReference; lastKnownFileType = sourcecode.c.h; path = AppDelegate.h; sourceTree = "<group>"; };
		50BBA74C1BF9D1A900FEF6E0 /* AppDelegate.m */ = {isa = PBXFileReference; lastKnownFileType = sourcecode.c.objc; path = AppDelegate.m; sourceTree = "<group>"; };
		50BBA74E1BF9D1A900FEF6E0 /* ViewController.h */ = {isa = PBXFileReference; lastKnownFileType = sourcecode.c.h; path = ViewController.h; sourceTree = "<group>"; };
		50BBA74F1BF9D1A900FEF6E0 /* ViewController.m */ = {isa = PBXFileReference; lastKnownFileType = sourcecode.c.objc; path = ViewController.m; sourceTree = "<group>"; };
		50BBA7521BF9D1A900FEF6E0 /* Base */ = {isa = PBXFileReference; lastKnownFileType = file.storyboard; name = Base; path = Base.lproj/Main.storyboard; sourceTree = "<group>"; };
		50BBA7541BF9D1A900FEF6E0 /* Images.xcassets */ = {isa = PBXFileReference; lastKnownFileType = folder.assetcatalog; path = Images.xcassets; sourceTree = "<group>"; };
		50BBA7571BF9D1A900FEF6E0 /* Base */ = {isa = PBXFileReference; lastKnownFileType = file.xib; name = Base; path = Base.lproj/LaunchScreen.xib; sourceTree = "<group>"; };
		50BBA75D1BF9D1A900FEF6E0 /* testTests.xctest */ = {isa = PBXFileReference; explicitFileType = wrapper.cfbundle; includeInIndex = 0; path = testTests.xctest; sourceTree = BUILT_PRODUCTS_DIR; };
		50BBA7621BF9D1A900FEF6E0 /* Info.plist */ = {isa = PBXFileReference; lastKnownFileType = text.plist.xml; path = Info.plist; sourceTree = "<group>"; };
		50BBA7631BF9D1A900FEF6E0 /* testTests.m */ = {isa = PBXFileReference; lastKnownFileType = sourcecode.c.objc; path = testTests.m; sourceTree = "<group>"; };
/* End PBXFileReference section */

/* Begin PBXFrameworksBuildPhase section */
		50BBA7411BF9D1A900FEF6E0 /* Frameworks */ = {
			isa = PBXFrameworksBuildPhase;
			buildActionMask = 2147483647;
			files = (
			);
			runOnlyForDeploymentPostprocessing = 0;
		};
		50BBA75A1BF9D1A900FEF6E0 /* Frameworks */ = {
			isa = PBXFrameworksBuildPhase;
			buildActionMask = 2147483647;
			files = (
			);
			runOnlyForDeploymentPostprocessing = 0;
		};
/* End PBXFrameworksBuildPhase section */

/* Begin PBXGroup section */
		50BBA73B1BF9D1A900FEF6E0 = {
			isa = PBXGroup;
			children = (
				50BBA7461BF9D1A900FEF6E0 /* test */,
				50BBA7601BF9D1A900FEF6E0 /* testTests */,
				50BBA7451BF9D1A900FEF6E0 /* Products */,
			);
			sourceTree = "<group>";
		};
		50BBA7451BF9D1A900FEF6E0 /* Products */ = {
			isa = PBXGroup;
			children = (
				50BBA7441BF9D1A900FEF6E0 /* test.app */,
				50BBA75D1BF9D1A900FEF6E0 /* testTests.xctest */,
			);
			name = Products;
			sourceTree = "<group>";
		};
		50BBA7461BF9D1A900FEF6E0 /* test */ = {
			isa = PBXGroup;
			children = (
				50BBA74B1BF9D1A900FEF6E0 /* AppDelegate.h */,
				50BBA74C1BF9D1A900FEF6E0 /* AppDelegate.m */,
				50BBA74E1BF9D1A900FEF6E0 /* ViewController.h */,
				50BBA74F1BF9D1A900FEF6E0 /* ViewController.m */,
				50BBA7511BF9D1A900FEF6E0 /* Main.storyboard */,
				50BBA7541BF9D1A900FEF6E0 /* Images.xcassets */,
				50BBA7561BF9D1A900FEF6E0 /* LaunchScreen.xib */,
				50BBA7471BF9D1A900FEF6E0 /* Supporting Files */,
			);
			path = test;
			sourceTree = "<group>";
		};
		50BBA7471BF9D1A900FEF6E0 /* Supporting Files */ = {
			isa = PBXGroup;
			children = (
				50BBA7481BF9D1A900FEF6E0 /* Info.plist */,
				50BBA7491BF9D1A900FEF6E0 /* main.m */,
			);
			name = "Supporting Files";
			sourceTree = "<group>";
		};
		50BBA7601BF9D1A900FEF6E0 /* testTests */ = {
			isa = PBXGroup;
			children = (
				50BBA7631BF9D1A900FEF6E0 /* testTests.m */,
				50BBA7611BF9D1A900FEF6E0 /* Supporting Files */,
			);
			path = testTests;
			sourceTree = "<group>";
		};
		50BBA7611BF9D1A900FEF6E0 /* Supporting Files */ = {
			isa = PBXGroup;
			children = (
				50BBA7621BF9D1A900FEF6E0 /* Info.plist */,
			);
			name = "Supporting Files";
			sourceTree = "<group>";
		};
/* End PBXGroup section */

/* Begin PBXNativeTarget section */
		50BBA7431BF9D1A900FEF6E0 /* test */ = {
			isa = PBXNativeTarget;
			buildConfigurationList = 50BBA7671BF9D1A900FEF6E0 /* Build configuration list for PBXNativeTarget "test" */;
			buildPhases = (
				50BBA7401BF9D1A900FEF6E0 /* Sources */,
				50BBA7411BF9D1A900FEF6E0 /* Frameworks */,
				50BBA7421BF9D1A900FEF6E0 /* Resources */,
			);
			buildRules = (
			);
			dependencies = (
			);
			name = test;
			productName = test;
			productReference = 50BBA7441BF9D1A900FEF6E0 /* test.app */;
			productType = "com.apple.product-type.application";
		};
		50BBA75C1BF9D1A900FEF6E0 /* testTests */ = {
			isa = PBXNativeTarget;
			buildConfigurationList = 50BBA76A1BF9D1A900FEF6E0 /* Build configuration list for PBXNativeTarget "testTests" */;
			buildPhases = (
				50BBA7591BF9D1A900FEF6E0 /* Sources */,
				50BBA75A1BF9D1A900FEF6E0 /* Frameworks */,
				50BBA75B1BF9D1A900FEF6E0 /* Resources */,
			);
			buildRules = (
			);
			dependencies = (
				50BBA75F1BF9D1A900FEF6E0 /* PBXTargetDependency */,
			);
			name = testTests;
			productName = testTests;
			productReference = 50BBA75D1BF9D1A900FEF6E0 /* testTests.xctest */;
			productType = "com.apple.product-type.bundle.unit-test";
		};
/* End PBXNativeTarget section */

/* Begin PBXProject section */
		50BBA73C1BF9D1A900FEF6E0 /* Project object */ = {
			isa = PBXProject;
			attributes = {
				LastUpgradeCheck = 0640;
				ORGANIZATIONNAME = wxh;
				TargetAttributes = {
					50BBA7431BF9D1A900FEF6E0 = {
						CreatedOnToolsVersion = 6.4;
					};
					50BBA75C1BF9D1A900FEF6E0 = {
						CreatedOnToolsVersion = 6.4;
						TestTargetID = 50BBA7431BF9D1A900FEF6E0;
					};
				};
			};
			buildConfigurationList = 50BBA73F1BF9D1A900FEF6E0 /* Build configuration list for PBXProject "test" */;
			compatibilityVersion = "Xcode 3.2";
			developmentRegion = English;
			hasScannedForEncodings = 0;
			knownRegions = (
				en,
				Base,
			);
			mainGroup = 50BBA73B1BF9D1A900FEF6E0;
			productRefGroup = 50BBA7451BF9D1A900FEF6E0 /* Products */;
			projectDirPath = "";
			projectRoot = "";
			targets = (
				50BBA7431BF9D1A900FEF6E0 /* test */,
				50BBA75C1BF9D1A900FEF6E0 /* testTests */,
			);
		};
/* End PBXProject section */

/* Begin PBXResourcesBuildPhase section */
		50BBA7421BF9D1A900FEF6E0 /* Resources */ = {
			isa = PBXResourcesBuildPhase;
			buildActionMask = 2147483647;
			files = (
				50BBA7531BF9D1A900FEF6E0 /* Main.storyboard in Resources */,
				50BBA7581BF9D1A900FEF6E0 /* LaunchScreen.xib in Resources */,
				50BBA7551BF9D1A900FEF6E0 /* Images.xcassets in Resources */,
			);
			runOnlyForDeploymentPostprocessing = 0;
		};
		50BBA75B1BF9D1A900FEF6E0 /* Resources */ = {
			isa = PBXResourcesBuildPhase;
			buildActionMask = 2147483647;
			files = (
			);
			runOnlyForDeploymentPostprocessing = 0;
		};
/* End PBXResourcesBuildPhase section */

/* Begin PBXSourcesBuildPhase section */
		50BBA7401BF9D1A900FEF6E0 /* Sources */ = {
			isa = PBXSourcesBuildPhase;
			buildActionMask = 2147483647;
			files = (
				50BBA7501BF9D1A900FEF6E0 /* ViewController.m in Sources */,
				50BBA74D1BF9D1A900FEF6E0 /* AppDelegate.m in Sources */,
				50BBA74A1BF9D1A900FEF6E0 /* main.m in Sources */,
			);
			runOnlyForDeploymentPostprocessing = 0;
		};
		50BBA7591BF9D1A900FEF6E0 /* Sources */ = {
			isa = PBXSourcesBuildPhase;
			buildActionMask = 2147483647;
			files = (
				50BBA7641BF9D1A900FEF6E0 /* testTests.m in Sources */,
			);
			runOnlyForDeploymentPostprocessing = 0;
		};
/* End PBXSourcesBuildPhase section */

/* Begin PBXTargetDependency section */
		50BBA75F1BF9D1A900FEF6E0 /* PBXTargetDependency */ = {
			isa = PBXTargetDependency;
			target = 50BBA7431BF9D1A900FEF6E0 /* test */;
			targetProxy = 50BBA75E1BF9D1A900FEF6E0 /* PBXContainerItemProxy */;
		};
/* End PBXTargetDependency section */

/* Begin PBXVariantGroup section */
		50BBA7511BF9D1A900FEF6E0 /* Main.storyboard */ = {
			isa = PBXVariantGroup;
			children = (
				50BBA7521BF9D1A900FEF6E0 /* Base */,
			);
			name = Main.storyboard;
			sourceTree = "<group>";
		};
		50BBA7561BF9D1A900FEF6E0 /* LaunchScreen.xib */ = {
			isa = PBXVariantGroup;
			children = (
				50BBA7571BF9D1A900FEF6E0 /* Base */,
			);
			name = LaunchScreen.xib;
			sourceTree = "<group>";
		};
/* End PBXVariantGroup section */

/* Begin XCBuildConfiguration section */
		50BBA7651BF9D1A900FEF6E0 /* Debug */ = {
			isa = XCBuildConfiguration;
			buildSettings = {
				ALWAYS_SEARCH_USER_PATHS = NO;
				CLANG_CXX_LANGUAGE_STANDARD = "gnu++0x";
				CLANG_CXX_LIBRARY = "libc++";
				CLANG_ENABLE_MODULES = YES;
				CLANG_ENABLE_OBJC_ARC = YES;
				CLANG_WARN_BOOL_CONVERSION = YES;
				CLANG_WARN_CONSTANT_CONVERSION = YES;
				CLANG_WARN_DIRECT_OBJC_ISA_USAGE = YES_ERROR;
				CLANG_WARN_EMPTY_BODY = YES;
				CLANG_WARN_ENUM_CONVERSION = YES;
				CLANG_WARN_INT_CONVERSION = YES;
				CLANG_WARN_OBJC_ROOT_CLASS = YES_ERROR;
				CLANG_WARN_UNREACHABLE_CODE = YES;
				CLANG_WARN__DUPLICATE_METHOD_MATCH = YES;
				"CODE_SIGN_IDENTITY[sdk=iphoneos*]" = "iPhone Developer";
				COPY_PHASE_STRIP = NO;
				DEBUG_INFORMATION_FORMAT = "dwarf-with-dsym";
				ENABLE_STRICT_OBJC_MSGSEND = YES;
				GCC_C_LANGUAGE_STANDARD = gnu99;
				GCC_DYNAMIC_NO_PIC = NO;
				GCC_NO_COMMON_BLOCKS = YES;
				GCC_OPTIMIZATION_LEVEL = 0;
				GCC_PREPROCESSOR_DEFINITIONS = (
					"DEBUG=1",
					"$(inherited)",
				);
				GCC_SYMBOLS_PRIVATE_EXTERN = NO;
				GCC_WARN_64_TO_32_BIT_CONVERSION = YES;
				GCC_WARN_ABOUT_RETURN_TYPE = YES_ERROR;
				GCC_WARN_UNDECLARED_SELECTOR = YES;
				GCC_WARN_UNINITIALIZED_AUTOS = YES_AGGRESSIVE;
				GCC_WARN_UNUSED_FUNCTION = YES;
				GCC_WARN_UNUSED_VARIABLE = YES;
				IPHONEOS_DEPLOYMENT_TARGET = 8.4;
				MTL_ENABLE_DEBUG_INFO = YES;
				ONLY_ACTIVE_ARCH = YES;
				SDKROOT = iphoneos;
			};
			name = Debug;
		};
		50BBA7661BF9D1A900FEF6E0 /* Release */ = {
			isa = XCBuildConfiguration;
			buildSettings = {
				ALWAYS_SEARCH_USER_PATHS = NO;
				CLANG_CXX_LANGUAGE_STANDARD = "gnu++0x";
				CLANG_CXX_LIBRARY = "libc++";
				CLANG_ENABLE_MODULES = YES;
				CLANG_ENABLE_OBJC_ARC = YES;
				CLANG_WARN_BOOL_CONVERSION = YES;
				CLANG_WARN_CONSTANT_CONVERSION = YES;
				CLANG_WARN_DIRECT_OBJC_ISA_USAGE = YES_ERROR;
				CLANG_WARN_EMPTY_BODY = YES;
				CLANG_WARN_ENUM_CONVERSION = YES;
				CLANG_WARN_INT_CONVERSION = YES;
				CLANG_WARN_OBJC_ROOT_CLASS = YES_ERROR;
				CLANG_WARN_UNREACHABLE_CODE = YES;
				CLANG_WARN__DUPLICATE_METHOD_MATCH = YES;
				"CODE_SIGN_IDENTITY[sdk=iphoneos*]" = "iPhone Developer";
				COPY_PHASE_STRIP = NO;
				DEBUG_INFORMATION_FORMAT = "dwarf-with-dsym";
				ENABLE_NS_ASSERTIONS = NO;
				ENABLE_STRICT_OBJC_MSGSEND = YES;
				GCC_C_LANGUAGE_STANDARD = gnu99;
				GCC_NO_COMMON_BLOCKS = YES;
				GCC_WARN_64_TO_32_BIT_CONVERSION = YES;
				GCC_WARN_ABOUT_RETURN_TYPE = YES_ERROR;
				GCC_WARN_UNDECLARED_SELECTOR = YES;
				GCC_WARN_UNINITIALIZED_AUTOS = YES_AGGRESSIVE;
				GCC_WARN_UNUSED_FUNCTION = YES;
				GCC_WARN_UNUSED_VARIABLE = YES;
				IPHONEOS_DEPLOYMENT_TARGET = 8.4;
				MTL_ENABLE_DEBUG_INFO = NO;
				SDKROOT = iphoneos;
				VALIDATE_PRODUCT = YES;
			};
			name = Release;
		};
		50BBA7681BF9D1A900FEF6E0 /* Debug */ = {
			isa = XCBuildConfiguration;
			buildSettings = {
				ASSETCATALOG_COMPILER_APPICON_NAME = AppIcon;
				INFOPLIST_FILE = test/Info.plist;
				LD_RUNPATH_SEARCH_PATHS = "$(inherited) @executable_path/Frameworks";
				PRODUCT_NAME = "$(TARGET_NAME)";
			};
			name = Debug;
		};
		50BBA7691BF9D1A900FEF6E0 /* Release */ = {
			isa = XCBuildConfiguration;
			buildSettings = {
				ASSETCATALOG_COMPILER_APPICON_NAME = AppIcon;
				INFOPLIST_FILE = test/Info.plist;
				LD_RUNPATH_SEARCH_PATHS = "$(inherited) @executable_path/Frameworks";
				PRODUCT_NAME = "$(TARGET_NAME)";
			};
			name = Release;
		};
		50BBA76B1BF9D1A900FEF6E0 /* Debug */ = {
			isa = XCBuildConfiguration;
			buildSettings = {
				BUNDLE_LOADER = "$(TEST_HOST)";
				FRAMEWORK_SEARCH_PATHS = (
					"$(SDKROOT)/Developer/Library/Frameworks",
					"$(inherited)",
				);
				GCC_PREPROCESSOR_DEFINITIONS = (
					"DEBUG=1",
					"$(inherited)",
				);
				INFOPLIST_FILE = testTests/Info.plist;
				LD_RUNPATH_SEARCH_PATHS = "$(inherited) @executable_path/Frameworks @loader_path/Frameworks";
				PRODUCT_NAME = "$(TARGET_NAME)";
				TEST_HOST = "$(BUILT_PRODUCTS_DIR)/test.app/test";
			};
			name = Debug;
		};
		50BBA76C1BF9D1A900FEF6E0 /* Release */ = {
			isa = XCBuildConfiguration;
			buildSettings = {
				BUNDLE_LOADER = "$(TEST_HOST)";
				FRAMEWORK_SEARCH_PATHS = (
					"$(SDKROOT)/Developer/Library/Frameworks",
					"$(inherited)",
				);
				INFOPLIST_FILE = testTests/Info.plist;
				LD_RUNPATH_SEARCH_PATHS = "$(inherited) @executable_path/Frameworks @loader_path/Frameworks";
				PRODUCT_NAME = "$(TARGET_NAME)";
				TEST_HOST = "$(BUILT_PRODUCTS_DIR)/test.app/test";
			};
			name = Release;
		};
/* End XCBuildConfiguration section */

/* Begin XCConfigurationList section */
		50BBA73F1BF9D1A900FEF6E0 /* Build configuration list for PBXProject "test" */ = {
			isa = XCConfigurationList;
			buildConfigurations = (
				50BBA7651BF9D1A900FEF6E0 /* Debug */,
				50BBA7661BF9D1A900FEF6E0 /* Release */,
			);
			defaultConfigurationIsVisible = 0;
			defaultConfigurationName = Release;
		};
		50BBA7671BF9D1A900FEF6E0 /* Build configuration list for PBXNativeTarget "test" */ = {
			isa = XCConfigurationList;
			buildConfigurations = (
				50BBA7681BF9D1A900FEF6E0 /* Debug */,
				50BBA7691BF9D1A900FEF6E0 /* Release */,
			);
			defaultConfigurationIsVisible = 0;
		};
		50BBA76A1BF9D1A900FEF6E0 /* Build configuration list for PBXNativeTarget "testTests" */ = {
			isa = XCConfigurationList;
			buildConfigurations = (
				50BBA76B1BF9D1A900FEF6E0 /* Debug */,
				50BBA76C1BF9D1A900FEF6E0 /* Release */,
			);
			defaultConfigurationIsVisible = 0;
		};
/* End XCConfigurationList section */
	};
	rootObject = 50BBA73C1BF9D1A900FEF6E0 /* Project object */;
}
